
Microsoft Visual Studio Solution File, Format Version 12.00
# Visual Studio Version 17
VisualStudioVersion = 17.1.32319.34
MinimumVisualStudioVersion = 10.0.40219.1
Project("{2150E333-8FDC-42A3-9474-1A3956D46DE8}") = "Core", "Core", "{8E1E9B68-E516-4635-B5DA-CC4BAB8062CA}"
EndProject
Project("{9A19103F-16F7-4668-BE54-9A1E7A4F7556}") = "Domain", "src\Core\Domain\Domain.csproj", "{F4AFFFFE-C55B-4D3A-9054-4DEC9A1A581F}"
EndProject
Project("{9A19103F-16F7-4668-BE54-9A1E7A4F7556}") = "Interface", "src\Core\Interface\Interface.csproj", "{90372E1E-46FF-4411-96FB-B9AD127FB8CE}"
EndProject
Project("{9A19103F-16F7-4668-BE54-9A1E7A4F7556}") = "Services", "src\Core\Services\Services.csproj", "{52774B09-646E-4195-8603-7E79234CDE92}"
EndProject
Project("{2150E333-8FDC-42A3-9474-1A3956D46DE8}") = "Infractecture", "Infractecture", "{61AE7AF2-3329-4313-99AF-76C815A38BD0}"
EndProject
Project("{9A19103F-16F7-4668-BE54-9A1E7A4F7556}") = "Persistence", "src\Infractecture\Persistence\Persistence.csproj", "{C51AE7E5-582D-4465-A214-2E3BA5C3B1D0}"
EndProject
Project("{9A19103F-16F7-4668-BE54-9A1E7A4F7556}") = "Repository", "src\Infractecture\Repository\Repository.csproj", "{F34E952B-E5DB-4B2A-A692-11F4D0E895D2}"
EndProject
Project("{9A19103F-16F7-4668-BE54-9A1E7A4F7556}") = "Utility", "src\Infractecture\Utility\Utility.csproj", "{BB2BDECF-DE36-4E9C-A688-F0F11CAB9941}"
EndProject
Project("{2150E333-8FDC-42A3-9474-1A3956D46DE8}") = "WebUI", "WebUI", "{AA77FEF2-AB11-46D2-B634-11B6EAEE877E}"
EndProject
Project("{9A19103F-16F7-4668-BE54-9A1E7A4F7556}") = "WebMVC", "src\WebUI\WebMVC\WebMVC.csproj", "{81426282-A742-4342-A95C-2D7A9344EBF4}"
EndProject
Project("{FAE04EC0-301F-11D3-BF4B-00C04F79EFBC}") = "WebPublicMVC", "src\WebUI\WebPublicMVC\WebPublicMVC.csproj", "{C19A739B-2297-4715-95B8-B40D5567B5D6}"
EndProject
Global
	GlobalSection(SolutionConfigurationPlatforms) = preSolution
		Debug|Any CPU = Debug|Any CPU
		Release|Any CPU = Release|Any CPU
	EndGlobalSection
	GlobalSection(ProjectConfigurationPlatforms) = postSolution
		{F4AFFFFE-C55B-4D3A-9054-4DEC9A1A581F}.Debug|Any CPU.ActiveCfg = Debug|Any CPU
		{F4AFFFFE-C55B-4D3A-9054-4DEC9A1A581F}.Debug|Any CPU.Build.0 = Debug|Any CPU
		{F4AFFFFE-C55B-4D3A-9054-4DEC9A1A581F}.Release|Any CPU.ActiveCfg = Release|Any CPU
		{F4AFFFFE-C55B-4D3A-9054-4DEC9A1A581F}.Release|Any CPU.Build.0 = Release|Any CPU
		{90372E1E-46FF-4411-96FB-B9AD127FB8CE}.Debug|Any CPU.ActiveCfg = Debug|Any CPU
		{90372E1E-46FF-4411-96FB-B9AD127FB8CE}.Debug|Any CPU.Build.0 = Debug|Any CPU
		{90372E1E-46FF-4411-96FB-B9AD127FB8CE}.Release|Any CPU.ActiveCfg = Release|Any CPU
		{90372E1E-46FF-4411-96FB-B9AD127FB8CE}.Release|Any CPU.Build.0 = Release|Any CPU
		{52774B09-646E-4195-8603-7E79234CDE92}.Debug|Any CPU.ActiveCfg = Debug|Any CPU
		{52774B09-646E-4195-8603-7E79234CDE92}.Debug|Any CPU.Build.0 = Debug|Any CPU
		{52774B09-646E-4195-8603-7E79234CDE92}.Release|Any CPU.ActiveCfg = Release|Any CPU
		{52774B09-646E-4195-8603-7E79234CDE92}.Release|Any CPU.Build.0 = Release|Any CPU
		{C51AE7E5-582D-4465-A214-2E3BA5C3B1D0}.Debug|Any CPU.ActiveCfg = Debug|Any CPU
		{C51AE7E5-582D-4465-A214-2E3BA5C3B1D0}.Debug|Any CPU.Build.0 = Debug|Any CPU
		{C51AE7E5-582D-4465-A214-2E3BA5C3B1D0}.Release|Any CPU.ActiveCfg = Release|Any CPU
		{C51AE7E5-582D-4465-A214-2E3BA5C3B1D0}.Release|Any CPU.Build.0 = Release|Any CPU
		{F34E952B-E5DB-4B2A-A692-11F4D0E895D2}.Debug|Any CPU.ActiveCfg = Debug|Any CPU
		{F34E952B-E5DB-4B2A-A692-11F4D0E895D2}.Debug|Any CPU.Build.0 = Debug|Any CPU
		{F34E952B-E5DB-4B2A-A692-11F4D0E895D2}.Release|Any CPU.ActiveCfg = Release|Any CPU
		{F34E952B-E5DB-4B2A-A692-11F4D0E895D2}.Release|Any CPU.Build.0 = Release|Any CPU
		{BB2BDECF-DE36-4E9C-A688-F0F11CAB9941}.Debug|Any CPU.ActiveCfg = Debug|Any CPU
		{BB2BDECF-DE36-4E9C-A688-F0F11CAB9941}.Debug|Any CPU.Build.0 = Debug|Any CPU
		{BB2BDECF-DE36-4E9C-A688-F0F11CAB9941}.Release|Any CPU.ActiveCfg = Release|Any CPU
		{BB2BDECF-DE36-4E9C-A688-F0F11CAB9941}.Release|Any CPU.Build.0 = Release|Any CPU
		{81426282-A742-4342-A95C-2D7A9344EBF4}.Debug|Any CPU.ActiveCfg = Debug|Any CPU
		{81426282-A742-4342-A95C-2D7A9344EBF4}.Debug|Any CPU.Build.0 = Debug|Any CPU
		{81426282-A742-4342-A95C-2D7A9344EBF4}.Release|Any CPU.ActiveCfg = Release|Any CPU
		{81426282-A742-4342-A95C-2D7A9344EBF4}.Release|Any CPU.Build.0 = Release|Any CPU
		{C19A739B-2297-4715-95B8-B40D5567B5D6}.Debug|Any CPU.ActiveCfg = Debug|Any CPU
		{C19A739B-2297-4715-95B8-B40D5567B5D6}.Debug|Any CPU.Build.0 = Debug|Any CPU
		{C19A739B-2297-4715-95B8-B40D5567B5D6}.Release|Any CPU.ActiveCfg = Release|Any CPU
		{C19A739B-2297-4715-95B8-B40D5567B5D6}.Release|Any CPU.Build.0 = Release|Any CPU
	EndGlobalSection
	GlobalSection(SolutionProperties) = preSolution
		HideSolutionNode = FALSE
	EndGlobalSection
	GlobalSection(NestedProjects) = preSolution
		{F4AFFFFE-C55B-4D3A-9054-4DEC9A1A581F} = {8E1E9B68-E516-4635-B5DA-CC4BAB8062CA}
		{90372E1E-46FF-4411-96FB-B9AD127FB8CE} = {8E1E9B68-E516-4635-B5DA-CC4BAB8062CA}
		{52774B09-646E-4195-8603-7E79234CDE92} = {8E1E9B68-E516-4635-B5DA-CC4BAB8062CA}
		{C51AE7E5-582D-4465-A214-2E3BA5C3B1D0} = {61AE7AF2-3329-4313-99AF-76C815A38BD0}
		{F34E952B-E5DB-4B2A-A692-11F4D0E895D2} = {61AE7AF2-3329-4313-99AF-76C815A38BD0}
		{BB2BDECF-DE36-4E9C-A688-F0F11CAB9941} = {61AE7AF2-3329-4313-99AF-76C815A38BD0}
		{81426282-A742-4342-A95C-2D7A9344EBF4} = {AA77FEF2-AB11-46D2-B634-11B6EAEE877E}
		{C19A739B-2297-4715-95B8-B40D5567B5D6} = {AA77FEF2-AB11-46D2-B634-11B6EAEE877E}
	EndGlobalSection
	GlobalSection(ExtensibilityGlobals) = postSolution
		SolutionGuid = {E86FD5E4-B3D5-4FD9-90EE-3911DA0B1505}
	EndGlobalSection
EndGlobal
